// !$*UTF8*$!
{
	archiveVersion = 1;
	classes = {
	};
	objectVersion = 48;
	objects = {

/* Begin PBXBuildFile section */
<<<<<<< HEAD
		2914513A200B5E8F004F862D /* CommenAlertView.m in Sources */ = {isa = PBXBuildFile; fileRef = 29145139200B5E8F004F862D /* CommenAlertView.m */; };
		29BBB430200745E700DE04E5 /* HWCommonAlertView.m in Sources */ = {isa = PBXBuildFile; fileRef = 29BBB42F200745E700DE04E5 /* HWCommonAlertView.m */; };
		307375B41FF4036600FE2532 /* AppDelegate.m in Sources */ = {isa = PBXBuildFile; fileRef = 307375B31FF4036600FE2532 /* AppDelegate.m */; };
		307375B71FF4036600FE2532 /* ViewController.m in Sources */ = {isa = PBXBuildFile; fileRef = 307375B61FF4036600FE2532 /* ViewController.m */; };
=======
		29CA7B0F200E042B00A14062 /* main.m in Sources */ = {isa = PBXBuildFile; fileRef = 29CA7AF7200E042A00A14062 /* main.m */; };
		29CA7B10200E042B00A14062 /* Info.plist in Resources */ = {isa = PBXBuildFile; fileRef = 29CA7AF8200E042A00A14062 /* Info.plist */; };
		29CA7B12200E042B00A14062 /* CommenAlertView.m in Sources */ = {isa = PBXBuildFile; fileRef = 29CA7AFD200E042A00A14062 /* CommenAlertView.m */; };
		29CA7B13200E042B00A14062 /* FirstViewController.m in Sources */ = {isa = PBXBuildFile; fileRef = 29CA7AFE200E042A00A14062 /* FirstViewController.m */; };
		29CA7B14200E042B00A14062 /* ThirdViewController.m in Sources */ = {isa = PBXBuildFile; fileRef = 29CA7B02200E042A00A14062 /* ThirdViewController.m */; };
		29CA7B15200E042B00A14062 /* AppDelegate.m in Sources */ = {isa = PBXBuildFile; fileRef = 29CA7B05200E042A00A14062 /* AppDelegate.m */; };
		29CA7B16200E042B00A14062 /* SecondViewController.m in Sources */ = {isa = PBXBuildFile; fileRef = 29CA7B09200E042A00A14062 /* SecondViewController.m */; };
		29CA7B17200E042B00A14062 /* WXTabbarController.m in Sources */ = {isa = PBXBuildFile; fileRef = 29CA7B0B200E042A00A14062 /* WXTabbarController.m */; };
		29CA7B18200E042B00A14062 /* WXNAVigationController.m in Sources */ = {isa = PBXBuildFile; fileRef = 29CA7B0C200E042A00A14062 /* WXNAVigationController.m */; };
		29CA7B1E200E0B8600A14062 /* ButtonSelectedChangeController.m in Sources */ = {isa = PBXBuildFile; fileRef = 29CA7B1D200E0B8600A14062 /* ButtonSelectedChangeController.m */; };
		29CA7B21200E0BB900A14062 /* AlertCommonViewController.m in Sources */ = {isa = PBXBuildFile; fileRef = 29CA7B20200E0BB900A14062 /* AlertCommonViewController.m */; };
>>>>>>> 0d11ac01ee48c98ac9d32c2e7a9d4d0592379664
		307375BA1FF4036600FE2532 /* Main.storyboard in Resources */ = {isa = PBXBuildFile; fileRef = 307375B81FF4036600FE2532 /* Main.storyboard */; };
		307375BC1FF4036600FE2532 /* Assets.xcassets in Resources */ = {isa = PBXBuildFile; fileRef = 307375BB1FF4036600FE2532 /* Assets.xcassets */; };
		307375BF1FF4036600FE2532 /* LaunchScreen.storyboard in Resources */ = {isa = PBXBuildFile; fileRef = 307375BD1FF4036600FE2532 /* LaunchScreen.storyboard */; };
		307375CC1FF4036600FE2532 /* popTestTests.m in Sources */ = {isa = PBXBuildFile; fileRef = 307375CB1FF4036600FE2532 /* popTestTests.m */; };
		307375D71FF4036600FE2532 /* popTestUITests.m in Sources */ = {isa = PBXBuildFile; fileRef = 307375D61FF4036600FE2532 /* popTestUITests.m */; };
		8DACCCDD15DD9B16D9D3C7F5 /* libPods-popTest.a in Frameworks */ = {isa = PBXBuildFile; fileRef = 16D207DDB2B26F1567980926 /* libPods-popTest.a */; };
/* End PBXBuildFile section */

/* Begin PBXContainerItemProxy section */
		307375C81FF4036600FE2532 /* PBXContainerItemProxy */ = {
			isa = PBXContainerItemProxy;
			containerPortal = 307375A71FF4036600FE2532 /* Project object */;
			proxyType = 1;
			remoteGlobalIDString = 307375AE1FF4036600FE2532;
			remoteInfo = popTest;
		};
		307375D31FF4036600FE2532 /* PBXContainerItemProxy */ = {
			isa = PBXContainerItemProxy;
			containerPortal = 307375A71FF4036600FE2532 /* Project object */;
			proxyType = 1;
			remoteGlobalIDString = 307375AE1FF4036600FE2532;
			remoteInfo = popTest;
		};
/* End PBXContainerItemProxy section */

/* Begin PBXFileReference section */
		16D207DDB2B26F1567980926 /* libPods-popTest.a */ = {isa = PBXFileReference; explicitFileType = archive.ar; includeInIndex = 0; path = "libPods-popTest.a"; sourceTree = BUILT_PRODUCTS_DIR; };
<<<<<<< HEAD
		29145138200B5E8F004F862D /* CommenAlertView.h */ = {isa = PBXFileReference; lastKnownFileType = sourcecode.c.h; path = CommenAlertView.h; sourceTree = "<group>"; };
		29145139200B5E8F004F862D /* CommenAlertView.m */ = {isa = PBXFileReference; lastKnownFileType = sourcecode.c.objc; path = CommenAlertView.m; sourceTree = "<group>"; };
		29BBB42E200745E700DE04E5 /* HWCommonAlertView.h */ = {isa = PBXFileReference; lastKnownFileType = sourcecode.c.h; path = HWCommonAlertView.h; sourceTree = "<group>"; };
		29BBB42F200745E700DE04E5 /* HWCommonAlertView.m */ = {isa = PBXFileReference; lastKnownFileType = sourcecode.c.objc; path = HWCommonAlertView.m; sourceTree = "<group>"; };
=======
		29CA7AF7200E042A00A14062 /* main.m */ = {isa = PBXFileReference; fileEncoding = 4; lastKnownFileType = sourcecode.c.objc; path = main.m; sourceTree = "<group>"; };
		29CA7AF8200E042A00A14062 /* Info.plist */ = {isa = PBXFileReference; fileEncoding = 4; lastKnownFileType = text.plist.xml; path = Info.plist; sourceTree = "<group>"; };
		29CA7AFA200E042A00A14062 /* CommenAlertView.h */ = {isa = PBXFileReference; fileEncoding = 4; lastKnownFileType = sourcecode.c.h; path = CommenAlertView.h; sourceTree = "<group>"; };
		29CA7AFB200E042A00A14062 /* FirstViewController.h */ = {isa = PBXFileReference; fileEncoding = 4; lastKnownFileType = sourcecode.c.h; path = FirstViewController.h; sourceTree = "<group>"; };
		29CA7AFD200E042A00A14062 /* CommenAlertView.m */ = {isa = PBXFileReference; fileEncoding = 4; lastKnownFileType = sourcecode.c.objc; path = CommenAlertView.m; sourceTree = "<group>"; };
		29CA7AFE200E042A00A14062 /* FirstViewController.m */ = {isa = PBXFileReference; fileEncoding = 4; lastKnownFileType = sourcecode.c.objc; path = FirstViewController.m; sourceTree = "<group>"; };
		29CA7B01200E042A00A14062 /* ThirdViewController.h */ = {isa = PBXFileReference; fileEncoding = 4; lastKnownFileType = sourcecode.c.h; path = ThirdViewController.h; sourceTree = "<group>"; };
		29CA7B02200E042A00A14062 /* ThirdViewController.m */ = {isa = PBXFileReference; fileEncoding = 4; lastKnownFileType = sourcecode.c.objc; path = ThirdViewController.m; sourceTree = "<group>"; };
		29CA7B04200E042A00A14062 /* AppDelegate.h */ = {isa = PBXFileReference; fileEncoding = 4; lastKnownFileType = sourcecode.c.h; path = AppDelegate.h; sourceTree = "<group>"; };
		29CA7B05200E042A00A14062 /* AppDelegate.m */ = {isa = PBXFileReference; fileEncoding = 4; lastKnownFileType = sourcecode.c.objc; path = AppDelegate.m; sourceTree = "<group>"; };
		29CA7B08200E042A00A14062 /* SecondViewController.h */ = {isa = PBXFileReference; fileEncoding = 4; lastKnownFileType = sourcecode.c.h; path = SecondViewController.h; sourceTree = "<group>"; };
		29CA7B09200E042A00A14062 /* SecondViewController.m */ = {isa = PBXFileReference; fileEncoding = 4; lastKnownFileType = sourcecode.c.objc; path = SecondViewController.m; sourceTree = "<group>"; };
		29CA7B0B200E042A00A14062 /* WXTabbarController.m */ = {isa = PBXFileReference; fileEncoding = 4; lastKnownFileType = sourcecode.c.objc; path = WXTabbarController.m; sourceTree = "<group>"; };
		29CA7B0C200E042A00A14062 /* WXNAVigationController.m */ = {isa = PBXFileReference; fileEncoding = 4; lastKnownFileType = sourcecode.c.objc; path = WXNAVigationController.m; sourceTree = "<group>"; };
		29CA7B0D200E042A00A14062 /* WXTabbarController.h */ = {isa = PBXFileReference; fileEncoding = 4; lastKnownFileType = sourcecode.c.h; path = WXTabbarController.h; sourceTree = "<group>"; };
		29CA7B0E200E042A00A14062 /* WXNAVigationController.h */ = {isa = PBXFileReference; fileEncoding = 4; lastKnownFileType = sourcecode.c.h; path = WXNAVigationController.h; sourceTree = "<group>"; };
		29CA7B1C200E0B8600A14062 /* ButtonSelectedChangeController.h */ = {isa = PBXFileReference; lastKnownFileType = sourcecode.c.h; path = ButtonSelectedChangeController.h; sourceTree = "<group>"; };
		29CA7B1D200E0B8600A14062 /* ButtonSelectedChangeController.m */ = {isa = PBXFileReference; lastKnownFileType = sourcecode.c.objc; path = ButtonSelectedChangeController.m; sourceTree = "<group>"; };
		29CA7B1F200E0BB900A14062 /* AlertCommonViewController.h */ = {isa = PBXFileReference; lastKnownFileType = sourcecode.c.h; path = AlertCommonViewController.h; sourceTree = "<group>"; };
		29CA7B20200E0BB900A14062 /* AlertCommonViewController.m */ = {isa = PBXFileReference; lastKnownFileType = sourcecode.c.objc; path = AlertCommonViewController.m; sourceTree = "<group>"; };
>>>>>>> 0d11ac01ee48c98ac9d32c2e7a9d4d0592379664
		307375AF1FF4036600FE2532 /* popTest.app */ = {isa = PBXFileReference; explicitFileType = wrapper.application; includeInIndex = 0; path = popTest.app; sourceTree = BUILT_PRODUCTS_DIR; };
		307375B91FF4036600FE2532 /* Base */ = {isa = PBXFileReference; lastKnownFileType = file.storyboard; name = Base; path = Base.lproj/Main.storyboard; sourceTree = "<group>"; };
		307375BB1FF4036600FE2532 /* Assets.xcassets */ = {isa = PBXFileReference; lastKnownFileType = folder.assetcatalog; path = Assets.xcassets; sourceTree = "<group>"; };
		307375BE1FF4036600FE2532 /* Base */ = {isa = PBXFileReference; lastKnownFileType = file.storyboard; name = Base; path = Base.lproj/LaunchScreen.storyboard; sourceTree = "<group>"; };
		307375C71FF4036600FE2532 /* popTestTests.xctest */ = {isa = PBXFileReference; explicitFileType = wrapper.cfbundle; includeInIndex = 0; path = popTestTests.xctest; sourceTree = BUILT_PRODUCTS_DIR; };
		307375CB1FF4036600FE2532 /* popTestTests.m */ = {isa = PBXFileReference; lastKnownFileType = sourcecode.c.objc; path = popTestTests.m; sourceTree = "<group>"; };
		307375CD1FF4036600FE2532 /* Info.plist */ = {isa = PBXFileReference; lastKnownFileType = text.plist.xml; path = Info.plist; sourceTree = "<group>"; };
		307375D21FF4036600FE2532 /* popTestUITests.xctest */ = {isa = PBXFileReference; explicitFileType = wrapper.cfbundle; includeInIndex = 0; path = popTestUITests.xctest; sourceTree = BUILT_PRODUCTS_DIR; };
		307375D61FF4036600FE2532 /* popTestUITests.m */ = {isa = PBXFileReference; lastKnownFileType = sourcecode.c.objc; path = popTestUITests.m; sourceTree = "<group>"; };
		307375D81FF4036600FE2532 /* Info.plist */ = {isa = PBXFileReference; lastKnownFileType = text.plist.xml; path = Info.plist; sourceTree = "<group>"; };
		7343A03C4163AE6AC44C368C /* Pods-popTest.debug.xcconfig */ = {isa = PBXFileReference; includeInIndex = 1; lastKnownFileType = text.xcconfig; name = "Pods-popTest.debug.xcconfig"; path = "Pods/Target Support Files/Pods-popTest/Pods-popTest.debug.xcconfig"; sourceTree = "<group>"; };
		932305CBA081297BAEBC8FC4 /* Pods-popTest.release.xcconfig */ = {isa = PBXFileReference; includeInIndex = 1; lastKnownFileType = text.xcconfig; name = "Pods-popTest.release.xcconfig"; path = "Pods/Target Support Files/Pods-popTest/Pods-popTest.release.xcconfig"; sourceTree = "<group>"; };
/* End PBXFileReference section */

/* Begin PBXFrameworksBuildPhase section */
		307375AC1FF4036600FE2532 /* Frameworks */ = {
			isa = PBXFrameworksBuildPhase;
			buildActionMask = 2147483647;
			files = (
				8DACCCDD15DD9B16D9D3C7F5 /* libPods-popTest.a in Frameworks */,
			);
			runOnlyForDeploymentPostprocessing = 0;
		};
		307375C41FF4036600FE2532 /* Frameworks */ = {
			isa = PBXFrameworksBuildPhase;
			buildActionMask = 2147483647;
			files = (
			);
			runOnlyForDeploymentPostprocessing = 0;
		};
		307375CF1FF4036600FE2532 /* Frameworks */ = {
			isa = PBXFrameworksBuildPhase;
			buildActionMask = 2147483647;
			files = (
			);
			runOnlyForDeploymentPostprocessing = 0;
		};
/* End PBXFrameworksBuildPhase section */

/* Begin PBXGroup section */
		1BA224B08F9501C0D6AA75B2 /* Pods */ = {
			isa = PBXGroup;
			children = (
				7343A03C4163AE6AC44C368C /* Pods-popTest.debug.xcconfig */,
				932305CBA081297BAEBC8FC4 /* Pods-popTest.release.xcconfig */,
			);
			name = Pods;
			sourceTree = "<group>";
		};
		29CA7AF6200E042A00A14062 /* Other */ = {
			isa = PBXGroup;
			children = (
				307375B81FF4036600FE2532 /* Main.storyboard */,
				307375BB1FF4036600FE2532 /* Assets.xcassets */,
				307375BD1FF4036600FE2532 /* LaunchScreen.storyboard */,
				29CA7AF7200E042A00A14062 /* main.m */,
			);
			path = Other;
			sourceTree = "<group>";
		};
		29CA7AF9200E042A00A14062 /* MODULE1 */ = {
			isa = PBXGroup;
			children = (
				29CA7AFB200E042A00A14062 /* FirstViewController.h */,
				29CA7AFE200E042A00A14062 /* FirstViewController.m */,
				29CA7B1F200E0BB900A14062 /* AlertCommonViewController.h */,
				29CA7B20200E0BB900A14062 /* AlertCommonViewController.m */,
				29CA7AFA200E042A00A14062 /* CommenAlertView.h */,
				29CA7AFD200E042A00A14062 /* CommenAlertView.m */,
				29CA7B1C200E0B8600A14062 /* ButtonSelectedChangeController.h */,
				29CA7B1D200E0B8600A14062 /* ButtonSelectedChangeController.m */,
			);
			path = MODULE1;
			sourceTree = "<group>";
		};
		29CA7B00200E042A00A14062 /* MODULE3 */ = {
			isa = PBXGroup;
			children = (
				29CA7B01200E042A00A14062 /* ThirdViewController.h */,
				29CA7B02200E042A00A14062 /* ThirdViewController.m */,
			);
			path = MODULE3;
			sourceTree = "<group>";
		};
		29CA7B03200E042A00A14062 /* ProjectDelegate */ = {
			isa = PBXGroup;
			children = (
				29CA7B04200E042A00A14062 /* AppDelegate.h */,
				29CA7B05200E042A00A14062 /* AppDelegate.m */,
			);
			path = ProjectDelegate;
			sourceTree = "<group>";
		};
		29CA7B06200E042A00A14062 /* BaseController */ = {
			isa = PBXGroup;
			children = (
			);
			path = BaseController;
			sourceTree = "<group>";
		};
		29CA7B07200E042A00A14062 /* MODULE2 */ = {
			isa = PBXGroup;
			children = (
				29CA7B08200E042A00A14062 /* SecondViewController.h */,
				29CA7B09200E042A00A14062 /* SecondViewController.m */,
			);
			path = MODULE2;
			sourceTree = "<group>";
		};
		29CA7B0A200E042A00A14062 /* RootController */ = {
			isa = PBXGroup;
			children = (
				29CA7B0B200E042A00A14062 /* WXTabbarController.m */,
				29CA7B0C200E042A00A14062 /* WXNAVigationController.m */,
				29CA7B0D200E042A00A14062 /* WXTabbarController.h */,
				29CA7B0E200E042A00A14062 /* WXNAVigationController.h */,
			);
			path = RootController;
			sourceTree = "<group>";
		};
		307375A61FF4036600FE2532 = {
			isa = PBXGroup;
			children = (
				307375B11FF4036600FE2532 /* popTest */,
				307375CA1FF4036600FE2532 /* popTestTests */,
				307375D51FF4036600FE2532 /* popTestUITests */,
				307375B01FF4036600FE2532 /* Products */,
				1BA224B08F9501C0D6AA75B2 /* Pods */,
				9486ED5E08004A98EC038F90 /* Frameworks */,
			);
			sourceTree = "<group>";
		};
		307375B01FF4036600FE2532 /* Products */ = {
			isa = PBXGroup;
			children = (
				307375AF1FF4036600FE2532 /* popTest.app */,
				307375C71FF4036600FE2532 /* popTestTests.xctest */,
				307375D21FF4036600FE2532 /* popTestUITests.xctest */,
			);
			name = Products;
			sourceTree = "<group>";
		};
		307375B11FF4036600FE2532 /* popTest */ = {
			isa = PBXGroup;
			children = (
<<<<<<< HEAD
				307375B21FF4036600FE2532 /* AppDelegate.h */,
				307375B31FF4036600FE2532 /* AppDelegate.m */,
				307375B51FF4036600FE2532 /* ViewController.h */,
				307375B61FF4036600FE2532 /* ViewController.m */,
				29145138200B5E8F004F862D /* CommenAlertView.h */,
				29145139200B5E8F004F862D /* CommenAlertView.m */,
				29BBB42E200745E700DE04E5 /* HWCommonAlertView.h */,
				29BBB42F200745E700DE04E5 /* HWCommonAlertView.m */,
				307375B81FF4036600FE2532 /* Main.storyboard */,
				307375BB1FF4036600FE2532 /* Assets.xcassets */,
				307375BD1FF4036600FE2532 /* LaunchScreen.storyboard */,
				307375C01FF4036600FE2532 /* Info.plist */,
				307375C11FF4036600FE2532 /* main.m */,
=======
				29CA7B03200E042A00A14062 /* ProjectDelegate */,
				29CA7AF8200E042A00A14062 /* Info.plist */,
				29CA7B06200E042A00A14062 /* BaseController */,
				29CA7AF9200E042A00A14062 /* MODULE1 */,
				29CA7B07200E042A00A14062 /* MODULE2 */,
				29CA7B00200E042A00A14062 /* MODULE3 */,
				29CA7AF6200E042A00A14062 /* Other */,
				29CA7B0A200E042A00A14062 /* RootController */,
>>>>>>> 0d11ac01ee48c98ac9d32c2e7a9d4d0592379664
			);
			path = popTest;
			sourceTree = "<group>";
		};
		307375CA1FF4036600FE2532 /* popTestTests */ = {
			isa = PBXGroup;
			children = (
				307375CB1FF4036600FE2532 /* popTestTests.m */,
				307375CD1FF4036600FE2532 /* Info.plist */,
			);
			path = popTestTests;
			sourceTree = "<group>";
		};
		307375D51FF4036600FE2532 /* popTestUITests */ = {
			isa = PBXGroup;
			children = (
				307375D61FF4036600FE2532 /* popTestUITests.m */,
				307375D81FF4036600FE2532 /* Info.plist */,
			);
			path = popTestUITests;
			sourceTree = "<group>";
		};
		9486ED5E08004A98EC038F90 /* Frameworks */ = {
			isa = PBXGroup;
			children = (
				16D207DDB2B26F1567980926 /* libPods-popTest.a */,
			);
			name = Frameworks;
			sourceTree = "<group>";
		};
/* End PBXGroup section */

/* Begin PBXNativeTarget section */
		307375AE1FF4036600FE2532 /* popTest */ = {
			isa = PBXNativeTarget;
			buildConfigurationList = 307375DB1FF4036600FE2532 /* Build configuration list for PBXNativeTarget "popTest" */;
			buildPhases = (
				BA4ACC0E61D6E680F793816A /* [CP] Check Pods Manifest.lock */,
				307375AB1FF4036600FE2532 /* Sources */,
				307375AC1FF4036600FE2532 /* Frameworks */,
				307375AD1FF4036600FE2532 /* Resources */,
				82614CB8F9C33CD4A29704EC /* [CP] Embed Pods Frameworks */,
				1A2405F14EE634AFAD9F1DB4 /* [CP] Copy Pods Resources */,
			);
			buildRules = (
			);
			dependencies = (
			);
			name = popTest;
			productName = popTest;
			productReference = 307375AF1FF4036600FE2532 /* popTest.app */;
			productType = "com.apple.product-type.application";
		};
		307375C61FF4036600FE2532 /* popTestTests */ = {
			isa = PBXNativeTarget;
			buildConfigurationList = 307375DE1FF4036600FE2532 /* Build configuration list for PBXNativeTarget "popTestTests" */;
			buildPhases = (
				307375C31FF4036600FE2532 /* Sources */,
				307375C41FF4036600FE2532 /* Frameworks */,
				307375C51FF4036600FE2532 /* Resources */,
			);
			buildRules = (
			);
			dependencies = (
				307375C91FF4036600FE2532 /* PBXTargetDependency */,
			);
			name = popTestTests;
			productName = popTestTests;
			productReference = 307375C71FF4036600FE2532 /* popTestTests.xctest */;
			productType = "com.apple.product-type.bundle.unit-test";
		};
		307375D11FF4036600FE2532 /* popTestUITests */ = {
			isa = PBXNativeTarget;
			buildConfigurationList = 307375E11FF4036600FE2532 /* Build configuration list for PBXNativeTarget "popTestUITests" */;
			buildPhases = (
				307375CE1FF4036600FE2532 /* Sources */,
				307375CF1FF4036600FE2532 /* Frameworks */,
				307375D01FF4036600FE2532 /* Resources */,
			);
			buildRules = (
			);
			dependencies = (
				307375D41FF4036600FE2532 /* PBXTargetDependency */,
			);
			name = popTestUITests;
			productName = popTestUITests;
			productReference = 307375D21FF4036600FE2532 /* popTestUITests.xctest */;
			productType = "com.apple.product-type.bundle.ui-testing";
		};
/* End PBXNativeTarget section */

/* Begin PBXProject section */
		307375A71FF4036600FE2532 /* Project object */ = {
			isa = PBXProject;
			attributes = {
				LastUpgradeCheck = 0920;
				ORGANIZATIONNAME = Wangxiao;
				TargetAttributes = {
					307375AE1FF4036600FE2532 = {
						CreatedOnToolsVersion = 9.2;
						ProvisioningStyle = Automatic;
					};
					307375C61FF4036600FE2532 = {
						CreatedOnToolsVersion = 9.2;
						ProvisioningStyle = Automatic;
						TestTargetID = 307375AE1FF4036600FE2532;
					};
					307375D11FF4036600FE2532 = {
						CreatedOnToolsVersion = 9.2;
						ProvisioningStyle = Automatic;
						TestTargetID = 307375AE1FF4036600FE2532;
					};
				};
			};
			buildConfigurationList = 307375AA1FF4036600FE2532 /* Build configuration list for PBXProject "popTest" */;
			compatibilityVersion = "Xcode 8.0";
			developmentRegion = en;
			hasScannedForEncodings = 0;
			knownRegions = (
				en,
				Base,
			);
			mainGroup = 307375A61FF4036600FE2532;
			productRefGroup = 307375B01FF4036600FE2532 /* Products */;
			projectDirPath = "";
			projectRoot = "";
			targets = (
				307375AE1FF4036600FE2532 /* popTest */,
				307375C61FF4036600FE2532 /* popTestTests */,
				307375D11FF4036600FE2532 /* popTestUITests */,
			);
		};
/* End PBXProject section */

/* Begin PBXResourcesBuildPhase section */
		307375AD1FF4036600FE2532 /* Resources */ = {
			isa = PBXResourcesBuildPhase;
			buildActionMask = 2147483647;
			files = (
				29CA7B10200E042B00A14062 /* Info.plist in Resources */,
				307375BF1FF4036600FE2532 /* LaunchScreen.storyboard in Resources */,
				307375BC1FF4036600FE2532 /* Assets.xcassets in Resources */,
				307375BA1FF4036600FE2532 /* Main.storyboard in Resources */,
			);
			runOnlyForDeploymentPostprocessing = 0;
		};
		307375C51FF4036600FE2532 /* Resources */ = {
			isa = PBXResourcesBuildPhase;
			buildActionMask = 2147483647;
			files = (
			);
			runOnlyForDeploymentPostprocessing = 0;
		};
		307375D01FF4036600FE2532 /* Resources */ = {
			isa = PBXResourcesBuildPhase;
			buildActionMask = 2147483647;
			files = (
			);
			runOnlyForDeploymentPostprocessing = 0;
		};
/* End PBXResourcesBuildPhase section */

/* Begin PBXShellScriptBuildPhase section */
		1A2405F14EE634AFAD9F1DB4 /* [CP] Copy Pods Resources */ = {
			isa = PBXShellScriptBuildPhase;
			buildActionMask = 2147483647;
			files = (
			);
			inputPaths = (
			);
			name = "[CP] Copy Pods Resources";
			outputPaths = (
			);
			runOnlyForDeploymentPostprocessing = 0;
			shellPath = /bin/sh;
			shellScript = "\"${SRCROOT}/Pods/Target Support Files/Pods-popTest/Pods-popTest-resources.sh\"\n";
			showEnvVarsInLog = 0;
		};
		82614CB8F9C33CD4A29704EC /* [CP] Embed Pods Frameworks */ = {
			isa = PBXShellScriptBuildPhase;
			buildActionMask = 2147483647;
			files = (
			);
			inputPaths = (
			);
			name = "[CP] Embed Pods Frameworks";
			outputPaths = (
			);
			runOnlyForDeploymentPostprocessing = 0;
			shellPath = /bin/sh;
			shellScript = "\"${SRCROOT}/Pods/Target Support Files/Pods-popTest/Pods-popTest-frameworks.sh\"\n";
			showEnvVarsInLog = 0;
		};
		BA4ACC0E61D6E680F793816A /* [CP] Check Pods Manifest.lock */ = {
			isa = PBXShellScriptBuildPhase;
			buildActionMask = 2147483647;
			files = (
			);
			inputPaths = (
			);
			name = "[CP] Check Pods Manifest.lock";
			outputPaths = (
			);
			runOnlyForDeploymentPostprocessing = 0;
			shellPath = /bin/sh;
			shellScript = "diff \"${PODS_PODFILE_DIR_PATH}/Podfile.lock\" \"${PODS_ROOT}/Manifest.lock\" > /dev/null\nif [ $? != 0 ] ; then\n    # print error to STDERR\n    echo \"error: The sandbox is not in sync with the Podfile.lock. Run 'pod install' or update your CocoaPods installation.\" >&2\n    exit 1\nfi\n";
			showEnvVarsInLog = 0;
		};
/* End PBXShellScriptBuildPhase section */

/* Begin PBXSourcesBuildPhase section */
		307375AB1FF4036600FE2532 /* Sources */ = {
			isa = PBXSourcesBuildPhase;
			buildActionMask = 2147483647;
			files = (
<<<<<<< HEAD
				2914513A200B5E8F004F862D /* CommenAlertView.m in Sources */,
				307375B71FF4036600FE2532 /* ViewController.m in Sources */,
				29BBB430200745E700DE04E5 /* HWCommonAlertView.m in Sources */,
				307375C21FF4036600FE2532 /* main.m in Sources */,
				307375B41FF4036600FE2532 /* AppDelegate.m in Sources */,
=======
				29CA7B1E200E0B8600A14062 /* ButtonSelectedChangeController.m in Sources */,
				29CA7B14200E042B00A14062 /* ThirdViewController.m in Sources */,
				29CA7B15200E042B00A14062 /* AppDelegate.m in Sources */,
				29CA7B16200E042B00A14062 /* SecondViewController.m in Sources */,
				29CA7B0F200E042B00A14062 /* main.m in Sources */,
				29CA7B12200E042B00A14062 /* CommenAlertView.m in Sources */,
				29CA7B21200E0BB900A14062 /* AlertCommonViewController.m in Sources */,
				29CA7B18200E042B00A14062 /* WXNAVigationController.m in Sources */,
				29CA7B17200E042B00A14062 /* WXTabbarController.m in Sources */,
				29CA7B13200E042B00A14062 /* FirstViewController.m in Sources */,
>>>>>>> 0d11ac01ee48c98ac9d32c2e7a9d4d0592379664
			);
			runOnlyForDeploymentPostprocessing = 0;
		};
		307375C31FF4036600FE2532 /* Sources */ = {
			isa = PBXSourcesBuildPhase;
			buildActionMask = 2147483647;
			files = (
				307375CC1FF4036600FE2532 /* popTestTests.m in Sources */,
			);
			runOnlyForDeploymentPostprocessing = 0;
		};
		307375CE1FF4036600FE2532 /* Sources */ = {
			isa = PBXSourcesBuildPhase;
			buildActionMask = 2147483647;
			files = (
				307375D71FF4036600FE2532 /* popTestUITests.m in Sources */,
			);
			runOnlyForDeploymentPostprocessing = 0;
		};
/* End PBXSourcesBuildPhase section */

/* Begin PBXTargetDependency section */
		307375C91FF4036600FE2532 /* PBXTargetDependency */ = {
			isa = PBXTargetDependency;
			target = 307375AE1FF4036600FE2532 /* popTest */;
			targetProxy = 307375C81FF4036600FE2532 /* PBXContainerItemProxy */;
		};
		307375D41FF4036600FE2532 /* PBXTargetDependency */ = {
			isa = PBXTargetDependency;
			target = 307375AE1FF4036600FE2532 /* popTest */;
			targetProxy = 307375D31FF4036600FE2532 /* PBXContainerItemProxy */;
		};
/* End PBXTargetDependency section */

/* Begin PBXVariantGroup section */
		307375B81FF4036600FE2532 /* Main.storyboard */ = {
			isa = PBXVariantGroup;
			children = (
				307375B91FF4036600FE2532 /* Base */,
			);
			name = Main.storyboard;
			sourceTree = "<group>";
		};
		307375BD1FF4036600FE2532 /* LaunchScreen.storyboard */ = {
			isa = PBXVariantGroup;
			children = (
				307375BE1FF4036600FE2532 /* Base */,
			);
			name = LaunchScreen.storyboard;
			sourceTree = "<group>";
		};
/* End PBXVariantGroup section */

/* Begin XCBuildConfiguration section */
		307375D91FF4036600FE2532 /* Debug */ = {
			isa = XCBuildConfiguration;
			buildSettings = {
				ALWAYS_SEARCH_USER_PATHS = NO;
				CLANG_ANALYZER_NONNULL = YES;
				CLANG_ANALYZER_NUMBER_OBJECT_CONVERSION = YES_AGGRESSIVE;
				CLANG_CXX_LANGUAGE_STANDARD = "gnu++14";
				CLANG_CXX_LIBRARY = "libc++";
				CLANG_ENABLE_MODULES = YES;
				CLANG_ENABLE_OBJC_ARC = YES;
				CLANG_WARN_BLOCK_CAPTURE_AUTORELEASING = YES;
				CLANG_WARN_BOOL_CONVERSION = YES;
				CLANG_WARN_COMMA = YES;
				CLANG_WARN_CONSTANT_CONVERSION = YES;
				CLANG_WARN_DIRECT_OBJC_ISA_USAGE = YES_ERROR;
				CLANG_WARN_DOCUMENTATION_COMMENTS = YES;
				CLANG_WARN_EMPTY_BODY = YES;
				CLANG_WARN_ENUM_CONVERSION = YES;
				CLANG_WARN_INFINITE_RECURSION = YES;
				CLANG_WARN_INT_CONVERSION = YES;
				CLANG_WARN_NON_LITERAL_NULL_CONVERSION = YES;
				CLANG_WARN_OBJC_LITERAL_CONVERSION = YES;
				CLANG_WARN_OBJC_ROOT_CLASS = YES_ERROR;
				CLANG_WARN_RANGE_LOOP_ANALYSIS = YES;
				CLANG_WARN_STRICT_PROTOTYPES = YES;
				CLANG_WARN_SUSPICIOUS_MOVE = YES;
				CLANG_WARN_UNGUARDED_AVAILABILITY = YES_AGGRESSIVE;
				CLANG_WARN_UNREACHABLE_CODE = YES;
				CLANG_WARN__DUPLICATE_METHOD_MATCH = YES;
				CODE_SIGN_IDENTITY = "iPhone Developer";
				COPY_PHASE_STRIP = NO;
				DEBUG_INFORMATION_FORMAT = dwarf;
				ENABLE_STRICT_OBJC_MSGSEND = YES;
				ENABLE_TESTABILITY = YES;
				GCC_C_LANGUAGE_STANDARD = gnu11;
				GCC_DYNAMIC_NO_PIC = NO;
				GCC_NO_COMMON_BLOCKS = YES;
				GCC_OPTIMIZATION_LEVEL = 0;
				GCC_PREPROCESSOR_DEFINITIONS = (
					"DEBUG=1",
					"$(inherited)",
				);
				GCC_WARN_64_TO_32_BIT_CONVERSION = YES;
				GCC_WARN_ABOUT_RETURN_TYPE = YES_ERROR;
				GCC_WARN_UNDECLARED_SELECTOR = YES;
				GCC_WARN_UNINITIALIZED_AUTOS = YES_AGGRESSIVE;
				GCC_WARN_UNUSED_FUNCTION = YES;
				GCC_WARN_UNUSED_VARIABLE = YES;
				IPHONEOS_DEPLOYMENT_TARGET = 11.2;
				MTL_ENABLE_DEBUG_INFO = YES;
				ONLY_ACTIVE_ARCH = YES;
				SDKROOT = iphoneos;
			};
			name = Debug;
		};
		307375DA1FF4036600FE2532 /* Release */ = {
			isa = XCBuildConfiguration;
			buildSettings = {
				ALWAYS_SEARCH_USER_PATHS = NO;
				CLANG_ANALYZER_NONNULL = YES;
				CLANG_ANALYZER_NUMBER_OBJECT_CONVERSION = YES_AGGRESSIVE;
				CLANG_CXX_LANGUAGE_STANDARD = "gnu++14";
				CLANG_CXX_LIBRARY = "libc++";
				CLANG_ENABLE_MODULES = YES;
				CLANG_ENABLE_OBJC_ARC = YES;
				CLANG_WARN_BLOCK_CAPTURE_AUTORELEASING = YES;
				CLANG_WARN_BOOL_CONVERSION = YES;
				CLANG_WARN_COMMA = YES;
				CLANG_WARN_CONSTANT_CONVERSION = YES;
				CLANG_WARN_DIRECT_OBJC_ISA_USAGE = YES_ERROR;
				CLANG_WARN_DOCUMENTATION_COMMENTS = YES;
				CLANG_WARN_EMPTY_BODY = YES;
				CLANG_WARN_ENUM_CONVERSION = YES;
				CLANG_WARN_INFINITE_RECURSION = YES;
				CLANG_WARN_INT_CONVERSION = YES;
				CLANG_WARN_NON_LITERAL_NULL_CONVERSION = YES;
				CLANG_WARN_OBJC_LITERAL_CONVERSION = YES;
				CLANG_WARN_OBJC_ROOT_CLASS = YES_ERROR;
				CLANG_WARN_RANGE_LOOP_ANALYSIS = YES;
				CLANG_WARN_STRICT_PROTOTYPES = YES;
				CLANG_WARN_SUSPICIOUS_MOVE = YES;
				CLANG_WARN_UNGUARDED_AVAILABILITY = YES_AGGRESSIVE;
				CLANG_WARN_UNREACHABLE_CODE = YES;
				CLANG_WARN__DUPLICATE_METHOD_MATCH = YES;
				CODE_SIGN_IDENTITY = "iPhone Developer";
				COPY_PHASE_STRIP = NO;
				DEBUG_INFORMATION_FORMAT = "dwarf-with-dsym";
				ENABLE_NS_ASSERTIONS = NO;
				ENABLE_STRICT_OBJC_MSGSEND = YES;
				GCC_C_LANGUAGE_STANDARD = gnu11;
				GCC_NO_COMMON_BLOCKS = YES;
				GCC_WARN_64_TO_32_BIT_CONVERSION = YES;
				GCC_WARN_ABOUT_RETURN_TYPE = YES_ERROR;
				GCC_WARN_UNDECLARED_SELECTOR = YES;
				GCC_WARN_UNINITIALIZED_AUTOS = YES_AGGRESSIVE;
				GCC_WARN_UNUSED_FUNCTION = YES;
				GCC_WARN_UNUSED_VARIABLE = YES;
				IPHONEOS_DEPLOYMENT_TARGET = 11.2;
				MTL_ENABLE_DEBUG_INFO = NO;
				SDKROOT = iphoneos;
				VALIDATE_PRODUCT = YES;
			};
			name = Release;
		};
		307375DC1FF4036600FE2532 /* Debug */ = {
			isa = XCBuildConfiguration;
			baseConfigurationReference = 7343A03C4163AE6AC44C368C /* Pods-popTest.debug.xcconfig */;
			buildSettings = {
				ASSETCATALOG_COMPILER_APPICON_NAME = AppIcon;
				CODE_SIGN_STYLE = Automatic;
				DEVELOPMENT_TEAM = 3F9YTXZ363;
				INFOPLIST_FILE = popTest/Info.plist;
				IPHONEOS_DEPLOYMENT_TARGET = 10.1;
				LD_RUNPATH_SEARCH_PATHS = "$(inherited) @executable_path/Frameworks";
				PRODUCT_BUNDLE_IDENTIFIER = com.unclex.popTest;
				PRODUCT_NAME = "$(TARGET_NAME)";
				TARGETED_DEVICE_FAMILY = "1,2";
			};
			name = Debug;
		};
		307375DD1FF4036600FE2532 /* Release */ = {
			isa = XCBuildConfiguration;
			baseConfigurationReference = 932305CBA081297BAEBC8FC4 /* Pods-popTest.release.xcconfig */;
			buildSettings = {
				ASSETCATALOG_COMPILER_APPICON_NAME = AppIcon;
				CODE_SIGN_STYLE = Automatic;
				DEVELOPMENT_TEAM = 3F9YTXZ363;
				INFOPLIST_FILE = popTest/Info.plist;
				IPHONEOS_DEPLOYMENT_TARGET = 10.1;
				LD_RUNPATH_SEARCH_PATHS = "$(inherited) @executable_path/Frameworks";
				PRODUCT_BUNDLE_IDENTIFIER = com.unclex.popTest;
				PRODUCT_NAME = "$(TARGET_NAME)";
				TARGETED_DEVICE_FAMILY = "1,2";
			};
			name = Release;
		};
		307375DF1FF4036600FE2532 /* Debug */ = {
			isa = XCBuildConfiguration;
			buildSettings = {
				BUNDLE_LOADER = "$(TEST_HOST)";
				CODE_SIGN_STYLE = Automatic;
				INFOPLIST_FILE = popTestTests/Info.plist;
				LD_RUNPATH_SEARCH_PATHS = "$(inherited) @executable_path/Frameworks @loader_path/Frameworks";
				PRODUCT_BUNDLE_IDENTIFIER = com.unclex.popTestTests;
				PRODUCT_NAME = "$(TARGET_NAME)";
				TARGETED_DEVICE_FAMILY = "1,2";
				TEST_HOST = "$(BUILT_PRODUCTS_DIR)/popTest.app/popTest";
			};
			name = Debug;
		};
		307375E01FF4036600FE2532 /* Release */ = {
			isa = XCBuildConfiguration;
			buildSettings = {
				BUNDLE_LOADER = "$(TEST_HOST)";
				CODE_SIGN_STYLE = Automatic;
				INFOPLIST_FILE = popTestTests/Info.plist;
				LD_RUNPATH_SEARCH_PATHS = "$(inherited) @executable_path/Frameworks @loader_path/Frameworks";
				PRODUCT_BUNDLE_IDENTIFIER = com.unclex.popTestTests;
				PRODUCT_NAME = "$(TARGET_NAME)";
				TARGETED_DEVICE_FAMILY = "1,2";
				TEST_HOST = "$(BUILT_PRODUCTS_DIR)/popTest.app/popTest";
			};
			name = Release;
		};
		307375E21FF4036600FE2532 /* Debug */ = {
			isa = XCBuildConfiguration;
			buildSettings = {
				CODE_SIGN_STYLE = Automatic;
				INFOPLIST_FILE = popTestUITests/Info.plist;
				LD_RUNPATH_SEARCH_PATHS = "$(inherited) @executable_path/Frameworks @loader_path/Frameworks";
				PRODUCT_BUNDLE_IDENTIFIER = com.unclex.popTestUITests;
				PRODUCT_NAME = "$(TARGET_NAME)";
				TARGETED_DEVICE_FAMILY = "1,2";
				TEST_TARGET_NAME = popTest;
			};
			name = Debug;
		};
		307375E31FF4036600FE2532 /* Release */ = {
			isa = XCBuildConfiguration;
			buildSettings = {
				CODE_SIGN_STYLE = Automatic;
				INFOPLIST_FILE = popTestUITests/Info.plist;
				LD_RUNPATH_SEARCH_PATHS = "$(inherited) @executable_path/Frameworks @loader_path/Frameworks";
				PRODUCT_BUNDLE_IDENTIFIER = com.unclex.popTestUITests;
				PRODUCT_NAME = "$(TARGET_NAME)";
				TARGETED_DEVICE_FAMILY = "1,2";
				TEST_TARGET_NAME = popTest;
			};
			name = Release;
		};
/* End XCBuildConfiguration section */

/* Begin XCConfigurationList section */
		307375AA1FF4036600FE2532 /* Build configuration list for PBXProject "popTest" */ = {
			isa = XCConfigurationList;
			buildConfigurations = (
				307375D91FF4036600FE2532 /* Debug */,
				307375DA1FF4036600FE2532 /* Release */,
			);
			defaultConfigurationIsVisible = 0;
			defaultConfigurationName = Release;
		};
		307375DB1FF4036600FE2532 /* Build configuration list for PBXNativeTarget "popTest" */ = {
			isa = XCConfigurationList;
			buildConfigurations = (
				307375DC1FF4036600FE2532 /* Debug */,
				307375DD1FF4036600FE2532 /* Release */,
			);
			defaultConfigurationIsVisible = 0;
			defaultConfigurationName = Release;
		};
		307375DE1FF4036600FE2532 /* Build configuration list for PBXNativeTarget "popTestTests" */ = {
			isa = XCConfigurationList;
			buildConfigurations = (
				307375DF1FF4036600FE2532 /* Debug */,
				307375E01FF4036600FE2532 /* Release */,
			);
			defaultConfigurationIsVisible = 0;
			defaultConfigurationName = Release;
		};
		307375E11FF4036600FE2532 /* Build configuration list for PBXNativeTarget "popTestUITests" */ = {
			isa = XCConfigurationList;
			buildConfigurations = (
				307375E21FF4036600FE2532 /* Debug */,
				307375E31FF4036600FE2532 /* Release */,
			);
			defaultConfigurationIsVisible = 0;
			defaultConfigurationName = Release;
		};
/* End XCConfigurationList section */
	};
	rootObject = 307375A71FF4036600FE2532 /* Project object */;
}
